{
  "name": "pdr",
  "lockfileVersion": 2,
  "requires": true,
  "packages": {
    "": {
      "dependencies": {
        "githug-app": "^1.0.0"
      }
    },
    "node_modules/githug-app": {
      "version": "1.0.0",
      "resolved": "https://registry.npmjs.org/githug-app/-/githug-app-1.0.0.tgz",
      "integrity": "sha512-WKTX1/DznHP7TfwzZOX6bE8MH93Nu7r32m7BVHnhILxAlqNwKux25pgIWxkJ323x+z4SNEGDn8pQXL/eK2jD7g=="
    }
  },
  "dependencies": {
    "githug-app": {
      "version": "1.0.0",
      "resolved": "https://registry.npmjs.org/githug-app/-/githug-app-1.0.0.tgz",
      "integrity": "sha512-WKTX1/DznHP7TfwzZOX6bE8MH93Nu7r32m7BVHnhILxAlqNwKux25pgIWxkJ323x+z4SNEGDn8pQXL/eK2jD7g=="
    }
  }
}
